
Microsoft Visual Studio Solution File, Format Version 12.00
# Visual Studio 15
VisualStudioVersion = 15.0.27004.2008
MinimumVisualStudioVersion = 10.0.40219.1
Project("{FAE04EC0-301F-11D3-BF4B-00C04F79EFBC}") = "ConferenceManagement.Web", "cm.Web\ConferenceManagement.Web.csproj", "{C97DBF8D-3009-4805-B480-143B8E946233}"
EndProject
Global
	GlobalSection(SolutionConfigurationPlatforms) = preSolution
		Debug|Any CPU = Debug|Any CPU
		Release|Any CPU = Release|Any CPU
	EndGlobalSection
	GlobalSection(ProjectConfigurationPlatforms) = postSolution
		{C97DBF8D-3009-4805-B480-143B8E946233}.Debug|Any CPU.ActiveCfg = Debug|Any CPU
		{C97DBF8D-3009-4805-B480-143B8E946233}.Debug|Any CPU.Build.0 = Debug|Any CPU
		{C97DBF8D-3009-4805-B480-143B8E946233}.Release|Any CPU.ActiveCfg = Release|Any CPU
		{C97DBF8D-3009-4805-B480-143B8E946233}.Release|Any CPU.Build.0 = Release|Any CPU
	EndGlobalSection
	GlobalSection(SolutionProperties) = preSolution
		HideSolutionNode = FALSE
	EndGlobalSection
	GlobalSection(ExtensibilityGlobals) = postSolution
		SolutionGuid = {7C9C37E1-5978-4860-AE05-40A51CB11E12}
	EndGlobalSection
EndGlobal
